
Microsoft Visual Studio Solution File, Format Version 11.00
# Visual Studio 2010
Project("{FAE04EC0-301F-11D3-BF4B-00C04F79EFBC}") = "GameAssembly", "GameAssembly.csproj", "{48B4E361-C319-C28C-407C-5AD8D0C323F9}"
EndProject
Project("{FAE04EC0-301F-11D3-BF4B-00C04F79EFBC}") = "Assembly-CSharp", "Assembly-CSharp.csproj", "{A43657F2-DFD0-F1AD-69C5-B86E0C471339}"
EndProject
Project("{FAE04EC0-301F-11D3-BF4B-00C04F79EFBC}") = "Tests", "Tests.csproj", "{B37BF764-8F29-CAB9-DFCE-85456472C5A1}"
EndProject
Global
	GlobalSection(SolutionConfigurationPlatforms) = preSolution
		Debug|Any CPU = Debug|Any CPU
		Release|Any CPU = Release|Any CPU
	EndGlobalSection
	GlobalSection(ProjectConfigurationPlatforms) = postSolution
		{48B4E361-C319-C28C-407C-5AD8D0C323F9}.Debug|Any CPU.ActiveCfg = Debug|Any CPU
		{48B4E361-C319-C28C-407C-5AD8D0C323F9}.Debug|Any CPU.Build.0 = Debug|Any CPU
		{48B4E361-C319-C28C-407C-5AD8D0C323F9}.Release|Any CPU.ActiveCfg = Release|Any CPU
		{48B4E361-C319-C28C-407C-5AD8D0C323F9}.Release|Any CPU.Build.0 = Release|Any CPU
		{A43657F2-DFD0-F1AD-69C5-B86E0C471339}.Debug|Any CPU.ActiveCfg = Debug|Any CPU
		{A43657F2-DFD0-F1AD-69C5-B86E0C471339}.Debug|Any CPU.Build.0 = Debug|Any CPU
		{A43657F2-DFD0-F1AD-69C5-B86E0C471339}.Release|Any CPU.ActiveCfg = Release|Any CPU
		{A43657F2-DFD0-F1AD-69C5-B86E0C471339}.Release|Any CPU.Build.0 = Release|Any CPU
		{B37BF764-8F29-CAB9-DFCE-85456472C5A1}.Debug|Any CPU.ActiveCfg = Debug|Any CPU
		{B37BF764-8F29-CAB9-DFCE-85456472C5A1}.Debug|Any CPU.Build.0 = Debug|Any CPU
		{B37BF764-8F29-CAB9-DFCE-85456472C5A1}.Release|Any CPU.ActiveCfg = Release|Any CPU
		{B37BF764-8F29-CAB9-DFCE-85456472C5A1}.Release|Any CPU.Build.0 = Release|Any CPU
	EndGlobalSection
	GlobalSection(SolutionProperties) = preSolution
		HideSolutionNode = FALSE
	EndGlobalSection
EndGlobal
